
Microsoft Visual Studio Solution File, Format Version 12.00
# Visual Studio Version 17
VisualStudioVersion = 17.13.35507.96
MinimumVisualStudioVersion = 10.0.40219.1
Project("{FAE04EC0-301F-11D3-BF4B-00C04F79EFBC}") = "ytdump", "YouTubeCommentGrabber\ytdump.csproj", "{6AC61A0E-20A1-4646-B48F-B73DB2AA8972}"
EndProject
Project("{FAE04EC0-301F-11D3-BF4B-00C04F79EFBC}") = "ghdump", "GithubFeedbackGrabber\ghdump.csproj", "{A6655C32-32ED-49DB-87CC-5FBCEAB4A69D}"
EndProject
Project("{2150E333-8FDC-42A3-9474-1A3956D46DE8}") = "Solution Items", "Solution Items", "{8EC462FD-D22E-90A8-E5CE-7E832BA40C5D}"
	ProjectSection(SolutionItems) = preProject
		GitVersion.yml = GitVersion.yml
		nuget.config = nuget.config
		README.md = README.md
		.github\workflows\release.yaml = .github\workflows\release.yaml
	EndProjectSection
EndProject
Project("{FAE04EC0-301F-11D3-BF4B-00C04F79EFBC}") = "hndump", "hndump\hndump.csproj", "{3B21D9C2-90E7-4197-86E2-AA190FBDAE53}"
EndProject
Global
	GlobalSection(SolutionConfigurationPlatforms) = preSolution
		Debug|Any CPU = Debug|Any CPU
		Release|Any CPU = Release|Any CPU
	EndGlobalSection
	GlobalSection(ProjectConfigurationPlatforms) = postSolution
		{6AC61A0E-20A1-4646-B48F-B73DB2AA8972}.Debug|Any CPU.ActiveCfg = Debug|Any CPU
		{6AC61A0E-20A1-4646-B48F-B73DB2AA8972}.Debug|Any CPU.Build.0 = Debug|Any CPU
		{6AC61A0E-20A1-4646-B48F-B73DB2AA8972}.Release|Any CPU.ActiveCfg = Release|Any CPU
		{6AC61A0E-20A1-4646-B48F-B73DB2AA8972}.Release|Any CPU.Build.0 = Release|Any CPU
		{A6655C32-32ED-49DB-87CC-5FBCEAB4A69D}.Debug|Any CPU.ActiveCfg = Debug|Any CPU
		{A6655C32-32ED-49DB-87CC-5FBCEAB4A69D}.Debug|Any CPU.Build.0 = Debug|Any CPU
		{A6655C32-32ED-49DB-87CC-5FBCEAB4A69D}.Release|Any CPU.ActiveCfg = Release|Any CPU
		{A6655C32-32ED-49DB-87CC-5FBCEAB4A69D}.Release|Any CPU.Build.0 = Release|Any CPU
		{3B21D9C2-90E7-4197-86E2-AA190FBDAE53}.Debug|Any CPU.ActiveCfg = Debug|Any CPU
		{3B21D9C2-90E7-4197-86E2-AA190FBDAE53}.Debug|Any CPU.Build.0 = Debug|Any CPU
		{3B21D9C2-90E7-4197-86E2-AA190FBDAE53}.Release|Any CPU.ActiveCfg = Release|Any CPU
		{3B21D9C2-90E7-4197-86E2-AA190FBDAE53}.Release|Any CPU.Build.0 = Release|Any CPU
	EndGlobalSection
	GlobalSection(SolutionProperties) = preSolution
		HideSolutionNode = FALSE
	EndGlobalSection
	GlobalSection(ExtensibilityGlobals) = postSolution
		SolutionGuid = {3FCE87F2-7499-4144-A287-B1D4015E843A}
	EndGlobalSection
EndGlobal
