
Microsoft Visual Studio Solution File, Format Version 12.00
# Visual Studio Version 17
VisualStudioVersion = 17.13.35507.96
MinimumVisualStudioVersion = 10.0.40219.1
Project("{FAE04EC0-301F-11D3-BF4B-00C04F79EFBC}") = "ytdump", "ytdump\ytdump.csproj", "{6AC61A0E-20A1-4646-B48F-B73DB2AA8972}"
EndProject
Project("{FAE04EC0-301F-11D3-BF4B-00C04F79EFBC}") = "ghdump", "ghdump\ghdump.csproj", "{A6655C32-32ED-49DB-87CC-5FBCEAB4A69D}"
EndProject
Project("{2150E333-8FDC-42A3-9474-1A3956D46DE8}") = "Solution Items", "Solution Items", "{8EC462FD-D22E-90A8-E5CE-7E832BA40C5D}"
	ProjectSection(SolutionItems) = preProject
		.github\workflows\build.yaml = .github\workflows\build.yaml
		GitVersion.yml = GitVersion.yml
		nuget.config = nuget.config
		README.md = README.md
		.github\workflows\release.yaml = .github\workflows\release.yaml
	EndProjectSection
EndProject
Project("{FAE04EC0-301F-11D3-BF4B-00C04F79EFBC}") = "hndump", "hndump\hndump.csproj", "{3B21D9C2-90E7-4197-86E2-AA190FBDAE53}"
EndProject
Project("{FAE04EC0-301F-11D3-BF4B-00C04F79EFBC}") = "shareddump", "shareddump\shareddump.csproj", "{41ACEC92-5CB7-462F-B545-4422661B9F76}"
EndProject
Project("{FAE04EC0-301F-11D3-BF4B-00C04F79EFBC}") = "feedbackfunctions", "feedbackfunctions\feedbackfunctions.csproj", "{A3D9B09F-31A4-486B-B7C2-643D3865AE2C}"
EndProject
Project("{FAE04EC0-301F-11D3-BF4B-00C04F79EFBC}") = "feedbackwebapp", "feedbackwebapp\feedbackwebapp.csproj", "{6DF9F1A2-F106-4CA0-8EAB-2E35E5FD9700}"
EndProject
Project("{FAE04EC0-301F-11D3-BF4B-00C04F79EFBC}") = "feedbackmcp", "feedbackmcp\feedbackmcp.csproj", "{6C9D373A-FF73-495E-8BF7-239FF0B3AEC4}"
EndProject
Global
	GlobalSection(SolutionConfigurationPlatforms) = preSolution
		Debug|Any CPU = Debug|Any CPU
		Debug|x64 = Debug|x64
		Debug|x86 = Debug|x86
		Release|Any CPU = Release|Any CPU
		Release|x64 = Release|x64
		Release|x86 = Release|x86
	EndGlobalSection
	GlobalSection(ProjectConfigurationPlatforms) = postSolution
		{6AC61A0E-20A1-4646-B48F-B73DB2AA8972}.Debug|Any CPU.ActiveCfg = Debug|Any CPU
		{6AC61A0E-20A1-4646-B48F-B73DB2AA8972}.Debug|Any CPU.Build.0 = Debug|Any CPU
		{6AC61A0E-20A1-4646-B48F-B73DB2AA8972}.Debug|x64.ActiveCfg = Debug|Any CPU
		{6AC61A0E-20A1-4646-B48F-B73DB2AA8972}.Debug|x64.Build.0 = Debug|Any CPU
		{6AC61A0E-20A1-4646-B48F-B73DB2AA8972}.Debug|x86.ActiveCfg = Debug|Any CPU
		{6AC61A0E-20A1-4646-B48F-B73DB2AA8972}.Debug|x86.Build.0 = Debug|Any CPU
		{6AC61A0E-20A1-4646-B48F-B73DB2AA8972}.Release|Any CPU.ActiveCfg = Release|Any CPU
		{6AC61A0E-20A1-4646-B48F-B73DB2AA8972}.Release|Any CPU.Build.0 = Release|Any CPU
		{6AC61A0E-20A1-4646-B48F-B73DB2AA8972}.Release|x64.ActiveCfg = Release|Any CPU
		{6AC61A0E-20A1-4646-B48F-B73DB2AA8972}.Release|x64.Build.0 = Release|Any CPU
		{6AC61A0E-20A1-4646-B48F-B73DB2AA8972}.Release|x86.ActiveCfg = Release|Any CPU
		{6AC61A0E-20A1-4646-B48F-B73DB2AA8972}.Release|x86.Build.0 = Release|Any CPU
		{A6655C32-32ED-49DB-87CC-5FBCEAB4A69D}.Debug|Any CPU.ActiveCfg = Debug|Any CPU
		{A6655C32-32ED-49DB-87CC-5FBCEAB4A69D}.Debug|Any CPU.Build.0 = Debug|Any CPU
		{A6655C32-32ED-49DB-87CC-5FBCEAB4A69D}.Debug|x64.ActiveCfg = Debug|Any CPU
		{A6655C32-32ED-49DB-87CC-5FBCEAB4A69D}.Debug|x64.Build.0 = Debug|Any CPU
		{A6655C32-32ED-49DB-87CC-5FBCEAB4A69D}.Debug|x86.ActiveCfg = Debug|Any CPU
		{A6655C32-32ED-49DB-87CC-5FBCEAB4A69D}.Debug|x86.Build.0 = Debug|Any CPU
		{A6655C32-32ED-49DB-87CC-5FBCEAB4A69D}.Release|Any CPU.ActiveCfg = Release|Any CPU
		{A6655C32-32ED-49DB-87CC-5FBCEAB4A69D}.Release|Any CPU.Build.0 = Release|Any CPU
		{A6655C32-32ED-49DB-87CC-5FBCEAB4A69D}.Release|x64.ActiveCfg = Release|Any CPU
		{A6655C32-32ED-49DB-87CC-5FBCEAB4A69D}.Release|x64.Build.0 = Release|Any CPU
		{A6655C32-32ED-49DB-87CC-5FBCEAB4A69D}.Release|x86.ActiveCfg = Release|Any CPU
		{A6655C32-32ED-49DB-87CC-5FBCEAB4A69D}.Release|x86.Build.0 = Release|Any CPU
		{3B21D9C2-90E7-4197-86E2-AA190FBDAE53}.Debug|Any CPU.ActiveCfg = Debug|Any CPU
		{3B21D9C2-90E7-4197-86E2-AA190FBDAE53}.Debug|Any CPU.Build.0 = Debug|Any CPU
		{3B21D9C2-90E7-4197-86E2-AA190FBDAE53}.Debug|x64.ActiveCfg = Debug|Any CPU
		{3B21D9C2-90E7-4197-86E2-AA190FBDAE53}.Debug|x64.Build.0 = Debug|Any CPU
		{3B21D9C2-90E7-4197-86E2-AA190FBDAE53}.Debug|x86.ActiveCfg = Debug|Any CPU
		{3B21D9C2-90E7-4197-86E2-AA190FBDAE53}.Debug|x86.Build.0 = Debug|Any CPU
		{3B21D9C2-90E7-4197-86E2-AA190FBDAE53}.Release|Any CPU.ActiveCfg = Release|Any CPU
		{3B21D9C2-90E7-4197-86E2-AA190FBDAE53}.Release|Any CPU.Build.0 = Release|Any CPU
		{3B21D9C2-90E7-4197-86E2-AA190FBDAE53}.Release|x64.ActiveCfg = Release|Any CPU
		{3B21D9C2-90E7-4197-86E2-AA190FBDAE53}.Release|x64.Build.0 = Release|Any CPU
		{3B21D9C2-90E7-4197-86E2-AA190FBDAE53}.Release|x86.ActiveCfg = Release|Any CPU
		{3B21D9C2-90E7-4197-86E2-AA190FBDAE53}.Release|x86.Build.0 = Release|Any CPU
		{41ACEC92-5CB7-462F-B545-4422661B9F76}.Debug|Any CPU.ActiveCfg = Debug|Any CPU
		{41ACEC92-5CB7-462F-B545-4422661B9F76}.Debug|Any CPU.Build.0 = Debug|Any CPU
		{41ACEC92-5CB7-462F-B545-4422661B9F76}.Debug|x64.ActiveCfg = Debug|Any CPU
		{41ACEC92-5CB7-462F-B545-4422661B9F76}.Debug|x64.Build.0 = Debug|Any CPU
		{41ACEC92-5CB7-462F-B545-4422661B9F76}.Debug|x86.ActiveCfg = Debug|Any CPU
		{41ACEC92-5CB7-462F-B545-4422661B9F76}.Debug|x86.Build.0 = Debug|Any CPU
		{41ACEC92-5CB7-462F-B545-4422661B9F76}.Release|Any CPU.ActiveCfg = Release|Any CPU
		{41ACEC92-5CB7-462F-B545-4422661B9F76}.Release|Any CPU.Build.0 = Release|Any CPU
		{41ACEC92-5CB7-462F-B545-4422661B9F76}.Release|x64.ActiveCfg = Release|Any CPU
		{41ACEC92-5CB7-462F-B545-4422661B9F76}.Release|x64.Build.0 = Release|Any CPU
		{41ACEC92-5CB7-462F-B545-4422661B9F76}.Release|x86.ActiveCfg = Release|Any CPU
		{41ACEC92-5CB7-462F-B545-4422661B9F76}.Release|x86.Build.0 = Release|Any CPU
		{A3D9B09F-31A4-486B-B7C2-643D3865AE2C}.Debug|Any CPU.ActiveCfg = Debug|Any CPU
		{A3D9B09F-31A4-486B-B7C2-643D3865AE2C}.Debug|Any CPU.Build.0 = Debug|Any CPU
		{A3D9B09F-31A4-486B-B7C2-643D3865AE2C}.Debug|x64.ActiveCfg = Debug|Any CPU
		{A3D9B09F-31A4-486B-B7C2-643D3865AE2C}.Debug|x64.Build.0 = Debug|Any CPU
		{A3D9B09F-31A4-486B-B7C2-643D3865AE2C}.Debug|x86.ActiveCfg = Debug|Any CPU
		{A3D9B09F-31A4-486B-B7C2-643D3865AE2C}.Debug|x86.Build.0 = Debug|Any CPU
		{A3D9B09F-31A4-486B-B7C2-643D3865AE2C}.Release|Any CPU.ActiveCfg = Release|Any CPU
		{A3D9B09F-31A4-486B-B7C2-643D3865AE2C}.Release|Any CPU.Build.0 = Release|Any CPU
		{A3D9B09F-31A4-486B-B7C2-643D3865AE2C}.Release|x64.ActiveCfg = Release|Any CPU
		{A3D9B09F-31A4-486B-B7C2-643D3865AE2C}.Release|x64.Build.0 = Release|Any CPU
		{A3D9B09F-31A4-486B-B7C2-643D3865AE2C}.Release|x86.ActiveCfg = Release|Any CPU
		{A3D9B09F-31A4-486B-B7C2-643D3865AE2C}.Release|x86.Build.0 = Release|Any CPU
		{6DF9F1A2-F106-4CA0-8EAB-2E35E5FD9700}.Debug|Any CPU.ActiveCfg = Debug|Any CPU
		{6DF9F1A2-F106-4CA0-8EAB-2E35E5FD9700}.Debug|Any CPU.Build.0 = Debug|Any CPU
		{6DF9F1A2-F106-4CA0-8EAB-2E35E5FD9700}.Debug|x64.ActiveCfg = Debug|Any CPU
		{6DF9F1A2-F106-4CA0-8EAB-2E35E5FD9700}.Debug|x64.Build.0 = Debug|Any CPU
		{6DF9F1A2-F106-4CA0-8EAB-2E35E5FD9700}.Debug|x86.ActiveCfg = Debug|Any CPU
		{6DF9F1A2-F106-4CA0-8EAB-2E35E5FD9700}.Debug|x86.Build.0 = Debug|Any CPU
		{6DF9F1A2-F106-4CA0-8EAB-2E35E5FD9700}.Release|Any CPU.ActiveCfg = Release|Any CPU
		{6DF9F1A2-F106-4CA0-8EAB-2E35E5FD9700}.Release|Any CPU.Build.0 = Release|Any CPU
		{6DF9F1A2-F106-4CA0-8EAB-2E35E5FD9700}.Release|x64.ActiveCfg = Release|Any CPU
		{6DF9F1A2-F106-4CA0-8EAB-2E35E5FD9700}.Release|x64.Build.0 = Release|Any CPU
		{6DF9F1A2-F106-4CA0-8EAB-2E35E5FD9700}.Release|x86.ActiveCfg = Release|Any CPU
		{6DF9F1A2-F106-4CA0-8EAB-2E35E5FD9700}.Release|x86.Build.0 = Release|Any CPU
		{6C9D373A-FF73-495E-8BF7-239FF0B3AEC4}.Debug|Any CPU.ActiveCfg = Debug|Any CPU
		{6C9D373A-FF73-495E-8BF7-239FF0B3AEC4}.Debug|Any CPU.Build.0 = Debug|Any CPU
		{6C9D373A-FF73-495E-8BF7-239FF0B3AEC4}.Debug|x64.ActiveCfg = Debug|Any CPU
		{6C9D373A-FF73-495E-8BF7-239FF0B3AEC4}.Debug|x64.Build.0 = Debug|Any CPU
		{6C9D373A-FF73-495E-8BF7-239FF0B3AEC4}.Debug|x86.ActiveCfg = Debug|Any CPU
		{6C9D373A-FF73-495E-8BF7-239FF0B3AEC4}.Debug|x86.Build.0 = Debug|Any CPU
		{6C9D373A-FF73-495E-8BF7-239FF0B3AEC4}.Release|Any CPU.ActiveCfg = Release|Any CPU
		{6C9D373A-FF73-495E-8BF7-239FF0B3AEC4}.Release|Any CPU.Build.0 = Release|Any CPU
		{6C9D373A-FF73-495E-8BF7-239FF0B3AEC4}.Release|x64.ActiveCfg = Release|Any CPU
		{6C9D373A-FF73-495E-8BF7-239FF0B3AEC4}.Release|x64.Build.0 = Release|Any CPU
		{6C9D373A-FF73-495E-8BF7-239FF0B3AEC4}.Release|x86.ActiveCfg = Release|Any CPU
		{6C9D373A-FF73-495E-8BF7-239FF0B3AEC4}.Release|x86.Build.0 = Release|Any CPU
	EndGlobalSection
	GlobalSection(SolutionProperties) = preSolution
		HideSolutionNode = FALSE
	EndGlobalSection
	GlobalSection(ExtensibilityGlobals) = postSolution
		SolutionGuid = {3FCE87F2-7499-4144-A287-B1D4015E843A}
	EndGlobalSection
EndGlobal
